{
  "name": "restio-swagger",
  "version": "1.0.0",
  "lockfileVersion": 1,
  "requires": true,
  "dependencies": {
    "annotations": {
      "version": "https://registry.npmjs.org/annotations/-/annotations-0.1.340.tgz",
      "integrity": "sha1-wtHgAm37xxtYYxoZR4PvhrItcbg="
    },
    "async": {
      "version": "https://registry.npmjs.org/async/-/async-2.5.0.tgz",
      "integrity": "sha1-hDGQ/WtzV6C54clW7d3V7IRitU0=",
      "requires": {
        "lodash": "https://registry.npmjs.org/lodash/-/lodash-4.17.4.tgz"
      }
    },
    "conga-annotations": {
      "version": "https://registry.npmjs.org/conga-annotations/-/conga-annotations-1.0.0.tgz",
      "integrity": "sha1-uSNbK+VvhPqeRPTK3/K6Qh2DcZw=",
      "requires": {
        "StringScanner": "https://registry.npmjs.org/StringScanner/-/StringScanner-0.0.3.tgz"
      }
    },
    "lodash": {
      "version": "https://registry.npmjs.org/lodash/-/lodash-4.17.4.tgz",
      "integrity": "sha1-eCA6TRwyiuHYbcpkYONptX9AVa4="
    },
    "minimist": {
      "version": "https://registry.npmjs.org/minimist/-/minimist-1.2.0.tgz",
      "integrity": "sha1-o1AIsg9BOD7sH7kU9M1d95omQoQ="
    },
    "StringScanner": {
      "version": "https://registry.npmjs.org/StringScanner/-/StringScanner-0.0.3.tgz",
      "integrity": "sha1-vwbs/ckARnEfTmF1VJJDt4zrOKo="
    },
    "swagger-ui-express": {
      "version": "2.0.2",
      "resolved": "https://registry.npmjs.org/swagger-ui-express/-/swagger-ui-express-2.0.2.tgz",
      "integrity": "sha1-q8B1Ul0QnKXE2BvLo8/Gyw+vGHY="
    }
  }
}
